
Microsoft Visual Studio Solution File, Format Version 12.00
# Visual Studio Version 17
VisualStudioVersion = 17.0.32014.148
MinimumVisualStudioVersion = 10.0.40219.1
Project("{9A19103F-16F7-4668-BE54-9A1E7A4F7556}") = "Client", "Client\Client.csproj", "{5C88B9AE-8DBE-4819-A086-9182399B1DCD}"
EndProject
Project("{9A19103F-16F7-4668-BE54-9A1E7A4F7556}") = "Api", "Api\Api.csproj", "{6F35F82F-31D4-4B29-BEDB-4F188EAD5E7B}"
EndProject
Project("{9A19103F-16F7-4668-BE54-9A1E7A4F7556}") = "Models", "Models\Models.csproj", "{C8E84D95-B6C6-4B7E-9AE3-5396FAF8A76A}"
EndProject
Project("{2150E333-8FDC-42A3-9474-1A3956D46DE8}") = "Integration", "Integration", "{04BC9EB3-8CA5-42AC-B50F-C76F4626348B}"
	ProjectSection(SolutionItems) = preProject
		..\.gitignore = ..\.gitignore
		..\.github\workflows\azure-static-web-apps-icy-coast-0a232f603.yml = ..\.github\workflows\azure-static-web-apps-icy-coast-0a232f603.yml
		..\README.md = ..\README.md
	EndProjectSection
EndProject
Global
	GlobalSection(SolutionConfigurationPlatforms) = preSolution
		Debug|Any CPU = Debug|Any CPU
		Release|Any CPU = Release|Any CPU
	EndGlobalSection
	GlobalSection(ProjectConfigurationPlatforms) = postSolution
		{5C88B9AE-8DBE-4819-A086-9182399B1DCD}.Debug|Any CPU.ActiveCfg = Debug|Any CPU
		{5C88B9AE-8DBE-4819-A086-9182399B1DCD}.Debug|Any CPU.Build.0 = Debug|Any CPU
		{5C88B9AE-8DBE-4819-A086-9182399B1DCD}.Release|Any CPU.ActiveCfg = Release|Any CPU
		{5C88B9AE-8DBE-4819-A086-9182399B1DCD}.Release|Any CPU.Build.0 = Release|Any CPU
		{6F35F82F-31D4-4B29-BEDB-4F188EAD5E7B}.Debug|Any CPU.ActiveCfg = Debug|Any CPU
		{6F35F82F-31D4-4B29-BEDB-4F188EAD5E7B}.Debug|Any CPU.Build.0 = Debug|Any CPU
		{6F35F82F-31D4-4B29-BEDB-4F188EAD5E7B}.Release|Any CPU.ActiveCfg = Release|Any CPU
		{6F35F82F-31D4-4B29-BEDB-4F188EAD5E7B}.Release|Any CPU.Build.0 = Release|Any CPU
		{C8E84D95-B6C6-4B7E-9AE3-5396FAF8A76A}.Debug|Any CPU.ActiveCfg = Debug|Any CPU
		{C8E84D95-B6C6-4B7E-9AE3-5396FAF8A76A}.Debug|Any CPU.Build.0 = Debug|Any CPU
		{C8E84D95-B6C6-4B7E-9AE3-5396FAF8A76A}.Release|Any CPU.ActiveCfg = Release|Any CPU
		{C8E84D95-B6C6-4B7E-9AE3-5396FAF8A76A}.Release|Any CPU.Build.0 = Release|Any CPU
	EndGlobalSection
	GlobalSection(SolutionProperties) = preSolution
		HideSolutionNode = FALSE
	EndGlobalSection
	GlobalSection(ExtensibilityGlobals) = postSolution
		SolutionGuid = {E54674E7-A8CC-4D43-BF46-476D8A0E0E11}
	EndGlobalSection
EndGlobal
